// !$*UTF8*$!
{
	archiveVersion = 1;
	classes = {
	};
	objectVersion = 55;
	objects = {

/* Begin PBXBuildFile section */
		4A1119D4282A919E0001908C /* AddExercise.swift in Sources */ = {isa = PBXBuildFile; fileRef = 4A1119D3282A919E0001908C /* AddExercise.swift */; };
		4A67D1D528454D630075E47C /* User+CoreDataClass.swift in Sources */ = {isa = PBXBuildFile; fileRef = 4A67D1D328454D630075E47C /* User+CoreDataClass.swift */; };
		4A67D1D628454D630075E47C /* User+CoreDataProperties.swift in Sources */ = {isa = PBXBuildFile; fileRef = 4A67D1D428454D630075E47C /* User+CoreDataProperties.swift */; };
		4A67D1D828454E910075E47C /* First Launch sec screen.swift in Sources */ = {isa = PBXBuildFile; fileRef = 4A67D1D728454E910075E47C /* First Launch sec screen.swift */; };
		4A858541282131E200604655 /* AppDelegate.swift in Sources */ = {isa = PBXBuildFile; fileRef = 4A858540282131E200604655 /* AppDelegate.swift */; };
		4A858543282131E200604655 /* SceneDelegate.swift in Sources */ = {isa = PBXBuildFile; fileRef = 4A858542282131E200604655 /* SceneDelegate.swift */; };
		4A858545282131E200604655 /* ViewController.swift in Sources */ = {isa = PBXBuildFile; fileRef = 4A858544282131E200604655 /* ViewController.swift */; };
		4A858548282131E200604655 /* Main.storyboard in Resources */ = {isa = PBXBuildFile; fileRef = 4A858546282131E200604655 /* Main.storyboard */; };
		4A85854B282131E200604655 /* Exercises.xcdatamodeld in Sources */ = {isa = PBXBuildFile; fileRef = 4A858549282131E200604655 /* Exercises.xcdatamodeld */; };
		4A85854D282131E300604655 /* Assets.xcassets in Resources */ = {isa = PBXBuildFile; fileRef = 4A85854C282131E300604655 /* Assets.xcassets */; };
		4A858550282131E300604655 /* LaunchScreen.storyboard in Resources */ = {isa = PBXBuildFile; fileRef = 4A85854E282131E300604655 /* LaunchScreen.storyboard */; };
		4A8585582821322000604655 /* Model.swift in Sources */ = {isa = PBXBuildFile; fileRef = 4A8585572821322000604655 /* Model.swift */; };
		4A85855B282137B900604655 /* Entity+CoreDataClass.swift in Sources */ = {isa = PBXBuildFile; fileRef = 4A858559282137B900604655 /* Entity+CoreDataClass.swift */; };
		4A85855C282137B900604655 /* Entity+CoreDataProperties.swift in Sources */ = {isa = PBXBuildFile; fileRef = 4A85855A282137B900604655 /* Entity+CoreDataProperties.swift */; };
		4A9174CC2847E45B00D44AA3 /* Exercises table.swift in Sources */ = {isa = PBXBuildFile; fileRef = 4A9174CB2847E45B00D44AA3 /* Exercises table.swift */; };
		4A937D472843E00D0078A6E3 /* FirstLaunch.swift in Sources */ = {isa = PBXBuildFile; fileRef = 4A937D462843E00D0078A6E3 /* FirstLaunch.swift */; };
		4A97F800282953E600CAE0D1 /* Picker.swift in Sources */ = {isa = PBXBuildFile; fileRef = 4A97F7FF282953E600CAE0D1 /* Picker.swift */; };
		4A9FCAE4283EBD2D004D9ABE /* Chart.swift in Sources */ = {isa = PBXBuildFile; fileRef = 4A9FCAE3283EBD2D004D9ABE /* Chart.swift */; };
		4AA2FA272825B55900E4AF61 /* CoreData.swift in Sources */ = {isa = PBXBuildFile; fileRef = 4AA2FA262825B55900E4AF61 /* CoreData.swift */; };
		4AA2FA292825B9B300E4AF61 /* ButtonsModel.swift in Sources */ = {isa = PBXBuildFile; fileRef = 4AA2FA282825B9B300E4AF61 /* ButtonsModel.swift */; };
		4ADBFEBE284923A90091F108 /* UserSettings.swift in Sources */ = {isa = PBXBuildFile; fileRef = 4ADBFEBD284923A90091F108 /* UserSettings.swift */; };
		4ADDCC4F284A5CED0018F24D /* Buttons.swift in Sources */ = {isa = PBXBuildFile; fileRef = 4ADDCC4E284A5CED0018F24D /* Buttons.swift */; };
		4ADDCC51284A73300018F24D /* Controller.swift in Sources */ = {isa = PBXBuildFile; fileRef = 4ADDCC50284A73300018F24D /* Controller.swift */; };
		4AE08BD92846897300259617 /* Localizable.strings in Resources */ = {isa = PBXBuildFile; fileRef = 4AE08BDB2846897300259617 /* Localizable.strings */; };
		4AFFBFA328397908009FFC36 /* History.swift in Sources */ = {isa = PBXBuildFile; fileRef = 4AFFBFA228397908009FFC36 /* History.swift */; };
/* End PBXBuildFile section */

/* Begin PBXFileReference section */
		4A1119D3282A919E0001908C /* AddExercise.swift */ = {isa = PBXFileReference; lastKnownFileType = sourcecode.swift; path = AddExercise.swift; sourceTree = "<group>"; };
		4A67D1D328454D630075E47C /* User+CoreDataClass.swift */ = {isa = PBXFileReference; lastKnownFileType = sourcecode.swift; path = "User+CoreDataClass.swift"; sourceTree = "<group>"; };
		4A67D1D428454D630075E47C /* User+CoreDataProperties.swift */ = {isa = PBXFileReference; lastKnownFileType = sourcecode.swift; path = "User+CoreDataProperties.swift"; sourceTree = "<group>"; };
		4A67D1D728454E910075E47C /* First Launch sec screen.swift */ = {isa = PBXFileReference; lastKnownFileType = sourcecode.swift; path = "First Launch sec screen.swift"; sourceTree = "<group>"; };
		4A85853D282131E200604655 /* Exercises.app */ = {isa = PBXFileReference; explicitFileType = wrapper.application; includeInIndex = 0; path = Exercises.app; sourceTree = BUILT_PRODUCTS_DIR; };
		4A858540282131E200604655 /* AppDelegate.swift */ = {isa = PBXFileReference; lastKnownFileType = sourcecode.swift; path = AppDelegate.swift; sourceTree = "<group>"; };
		4A858542282131E200604655 /* SceneDelegate.swift */ = {isa = PBXFileReference; lastKnownFileType = sourcecode.swift; path = SceneDelegate.swift; sourceTree = "<group>"; };
		4A858544282131E200604655 /* ViewController.swift */ = {isa = PBXFileReference; lastKnownFileType = sourcecode.swift; path = ViewController.swift; sourceTree = "<group>"; };
		4A858547282131E200604655 /* Base */ = {isa = PBXFileReference; lastKnownFileType = file.storyboard; name = Base; path = Base.lproj/Main.storyboard; sourceTree = "<group>"; };
		4A85854A282131E200604655 /* Exercises.xcdatamodel */ = {isa = PBXFileReference; lastKnownFileType = wrapper.xcdatamodel; path = Exercises.xcdatamodel; sourceTree = "<group>"; };
		4A85854C282131E300604655 /* Assets.xcassets */ = {isa = PBXFileReference; lastKnownFileType = folder.assetcatalog; path = Assets.xcassets; sourceTree = "<group>"; };
		4A85854F282131E300604655 /* Base */ = {isa = PBXFileReference; lastKnownFileType = file.storyboard; name = Base; path = Base.lproj/LaunchScreen.storyboard; sourceTree = "<group>"; };
		4A858551282131E300604655 /* Info.plist */ = {isa = PBXFileReference; lastKnownFileType = text.plist.xml; path = Info.plist; sourceTree = "<group>"; };
		4A8585572821322000604655 /* Model.swift */ = {isa = PBXFileReference; lastKnownFileType = sourcecode.swift; path = Model.swift; sourceTree = "<group>"; };
		4A858559282137B900604655 /* Entity+CoreDataClass.swift */ = {isa = PBXFileReference; lastKnownFileType = sourcecode.swift; path = "Entity+CoreDataClass.swift"; sourceTree = "<group>"; };
		4A85855A282137B900604655 /* Entity+CoreDataProperties.swift */ = {isa = PBXFileReference; lastKnownFileType = sourcecode.swift; path = "Entity+CoreDataProperties.swift"; sourceTree = "<group>"; };
		4A9174CB2847E45B00D44AA3 /* Exercises table.swift */ = {isa = PBXFileReference; lastKnownFileType = sourcecode.swift; path = "Exercises table.swift"; sourceTree = "<group>"; };
		4A937D462843E00D0078A6E3 /* FirstLaunch.swift */ = {isa = PBXFileReference; lastKnownFileType = sourcecode.swift; path = FirstLaunch.swift; sourceTree = "<group>"; };
		4A97F7FF282953E600CAE0D1 /* Picker.swift */ = {isa = PBXFileReference; lastKnownFileType = sourcecode.swift; path = Picker.swift; sourceTree = "<group>"; };
		4A9FCAE3283EBD2D004D9ABE /* Chart.swift */ = {isa = PBXFileReference; lastKnownFileType = sourcecode.swift; path = Chart.swift; sourceTree = "<group>"; };
		4AA2FA262825B55900E4AF61 /* CoreData.swift */ = {isa = PBXFileReference; lastKnownFileType = sourcecode.swift; path = CoreData.swift; sourceTree = "<group>"; };
		4AA2FA282825B9B300E4AF61 /* ButtonsModel.swift */ = {isa = PBXFileReference; lastKnownFileType = sourcecode.swift; path = ButtonsModel.swift; sourceTree = "<group>"; };
		4ADBFEBD284923A90091F108 /* UserSettings.swift */ = {isa = PBXFileReference; lastKnownFileType = sourcecode.swift; path = UserSettings.swift; sourceTree = "<group>"; };
		4ADDCC4E284A5CED0018F24D /* Buttons.swift */ = {isa = PBXFileReference; lastKnownFileType = sourcecode.swift; path = Buttons.swift; sourceTree = "<group>"; };
		4ADDCC50284A73300018F24D /* Controller.swift */ = {isa = PBXFileReference; lastKnownFileType = sourcecode.swift; path = Controller.swift; sourceTree = "<group>"; };
		4AE08BD12846874400259617 /* ru */ = {isa = PBXFileReference; lastKnownFileType = text.plist.strings; name = ru; path = ru.lproj/Main.strings; sourceTree = "<group>"; };
		4AE08BD22846874400259617 /* ru */ = {isa = PBXFileReference; lastKnownFileType = text.plist.strings; name = ru; path = ru.lproj/LaunchScreen.strings; sourceTree = "<group>"; };
		4AE08BD42846882200259617 /* en */ = {isa = PBXFileReference; lastKnownFileType = text.plist.strings; name = en; path = en.lproj/Main.strings; sourceTree = "<group>"; };
		4AE08BDA2846897300259617 /* en */ = {isa = PBXFileReference; lastKnownFileType = text.plist.strings; name = en; path = en.lproj/Localizable.strings; sourceTree = "<group>"; };
		4AE08BDC2846897500259617 /* ru */ = {isa = PBXFileReference; lastKnownFileType = text.plist.strings; name = ru; path = ru.lproj/Localizable.strings; sourceTree = "<group>"; };
		4AFFBFA228397908009FFC36 /* History.swift */ = {isa = PBXFileReference; lastKnownFileType = sourcecode.swift; path = History.swift; sourceTree = "<group>"; };
/* End PBXFileReference section */

/* Begin PBXFrameworksBuildPhase section */
		4A85853A282131E200604655 /* Frameworks */ = {
			isa = PBXFrameworksBuildPhase;
			buildActionMask = 2147483647;
			files = (
			);
			runOnlyForDeploymentPostprocessing = 0;
		};
/* End PBXFrameworksBuildPhase section */

/* Begin PBXGroup section */
		4A858534282131E200604655 = {
			isa = PBXGroup;
			children = (
				4A67D1D328454D630075E47C /* User+CoreDataClass.swift */,
				4A67D1D428454D630075E47C /* User+CoreDataProperties.swift */,
				4A858559282137B900604655 /* Entity+CoreDataClass.swift */,
				4A85855A282137B900604655 /* Entity+CoreDataProperties.swift */,
				4A85853F282131E200604655 /* Exercises */,
				4A85853E282131E200604655 /* Products */,
			);
			sourceTree = "<group>";
		};
		4A85853E282131E200604655 /* Products */ = {
			isa = PBXGroup;
			children = (
				4A85853D282131E200604655 /* Exercises.app */,
			);
			name = Products;
			sourceTree = "<group>";
		};
		4A85853F282131E200604655 /* Exercises */ = {
			isa = PBXGroup;
			children = (
				4A858540282131E200604655 /* AppDelegate.swift */,
				4A858542282131E200604655 /* SceneDelegate.swift */,
				4AE08BDB2846897300259617 /* Localizable.strings */,
				4A97F7FD282953B800CAE0D1 /* View */,
				4A97F7FE282953C600CAE0D1 /* Controller */,
				4A97F7FC282953AB00CAE0D1 /* Model */,
				4A858546282131E200604655 /* Main.storyboard */,
				4A85854C282131E300604655 /* Assets.xcassets */,
				4A85854E282131E300604655 /* LaunchScreen.storyboard */,
				4A858551282131E300604655 /* Info.plist */,
				4A858549282131E200604655 /* Exercises.xcdatamodeld */,
			);
			path = Exercises;
			sourceTree = "<group>";
		};
		4A97F7FC282953AB00CAE0D1 /* Model */ = {
			isa = PBXGroup;
			children = (
				4A8585572821322000604655 /* Model.swift */,
				4AA2FA282825B9B300E4AF61 /* ButtonsModel.swift */,
			);
			path = Model;
			sourceTree = "<group>";
		};
		4A97F7FD282953B800CAE0D1 /* View */ = {
			isa = PBXGroup;
			children = (
				4A937D462843E00D0078A6E3 /* FirstLaunch.swift */,
				4A67D1D728454E910075E47C /* First Launch sec screen.swift */,
				4A858544282131E200604655 /* ViewController.swift */,
				4A9174CB2847E45B00D44AA3 /* Exercises table.swift */,
				4A1119D3282A919E0001908C /* AddExercise.swift */,
				4ADBFEBD284923A90091F108 /* UserSettings.swift */,
				4A97F7FF282953E600CAE0D1 /* Picker.swift */,
				4AFFBFA228397908009FFC36 /* History.swift */,
				4A9FCAE3283EBD2D004D9ABE /* Chart.swift */,
			);
			path = View;
			sourceTree = "<group>";
		};
		4A97F7FE282953C600CAE0D1 /* Controller */ = {
			isa = PBXGroup;
			children = (
				4AA2FA262825B55900E4AF61 /* CoreData.swift */,
				4ADDCC4E284A5CED0018F24D /* Buttons.swift */,
				4ADDCC50284A73300018F24D /* Controller.swift */,
			);
			path = Controller;
			sourceTree = "<group>";
		};
/* End PBXGroup section */

/* Begin PBXNativeTarget section */
		4A85853C282131E200604655 /* Exercises */ = {
			isa = PBXNativeTarget;
			buildConfigurationList = 4A858554282131E300604655 /* Build configuration list for PBXNativeTarget "Exercises" */;
			buildPhases = (
				4A858539282131E200604655 /* Sources */,
				4A85853A282131E200604655 /* Frameworks */,
				4A85853B282131E200604655 /* Resources */,
			);
			buildRules = (
			);
			dependencies = (
			);
			name = Exercises;
			productName = Exercises;
			productReference = 4A85853D282131E200604655 /* Exercises.app */;
			productType = "com.apple.product-type.application";
		};
/* End PBXNativeTarget section */

/* Begin PBXProject section */
		4A858535282131E200604655 /* Project object */ = {
			isa = PBXProject;
			attributes = {
				BuildIndependentTargetsInParallel = 1;
				LastSwiftUpdateCheck = 1330;
				LastUpgradeCheck = 1330;
				TargetAttributes = {
					4A85853C282131E200604655 = {
						CreatedOnToolsVersion = 13.3;
					};
				};
			};
			buildConfigurationList = 4A858538282131E200604655 /* Build configuration list for PBXProject "Exercises" */;
			compatibilityVersion = "Xcode 13.0";
			developmentRegion = en;
			hasScannedForEncodings = 0;
			knownRegions = (
				en,
				Base,
				ru,
			);
			mainGroup = 4A858534282131E200604655;
			productRefGroup = 4A85853E282131E200604655 /* Products */;
			projectDirPath = "";
			projectRoot = "";
			targets = (
				4A85853C282131E200604655 /* Exercises */,
			);
		};
/* End PBXProject section */

/* Begin PBXResourcesBuildPhase section */
		4A85853B282131E200604655 /* Resources */ = {
			isa = PBXResourcesBuildPhase;
			buildActionMask = 2147483647;
			files = (
				4A858550282131E300604655 /* LaunchScreen.storyboard in Resources */,
				4AE08BD92846897300259617 /* Localizable.strings in Resources */,
				4A85854D282131E300604655 /* Assets.xcassets in Resources */,
				4A858548282131E200604655 /* Main.storyboard in Resources */,
			);
			runOnlyForDeploymentPostprocessing = 0;
		};
/* End PBXResourcesBuildPhase section */

/* Begin PBXSourcesBuildPhase section */
		4A858539282131E200604655 /* Sources */ = {
			isa = PBXSourcesBuildPhase;
			buildActionMask = 2147483647;
			files = (
				4A1119D4282A919E0001908C /* AddExercise.swift in Sources */,
				4A937D472843E00D0078A6E3 /* FirstLaunch.swift in Sources */,
				4A9174CC2847E45B00D44AA3 /* Exercises table.swift in Sources */,
				4A67D1D628454D630075E47C /* User+CoreDataProperties.swift in Sources */,
				4A8585582821322000604655 /* Model.swift in Sources */,
				4A858545282131E200604655 /* ViewController.swift in Sources */,
				4ADDCC51284A73300018F24D /* Controller.swift in Sources */,
				4A85855B282137B900604655 /* Entity+CoreDataClass.swift in Sources */,
				4A97F800282953E600CAE0D1 /* Picker.swift in Sources */,
				4A85855C282137B900604655 /* Entity+CoreDataProperties.swift in Sources */,
				4ADBFEBE284923A90091F108 /* UserSettings.swift in Sources */,
				4AFFBFA328397908009FFC36 /* History.swift in Sources */,
				4A9FCAE4283EBD2D004D9ABE /* Chart.swift in Sources */,
				4A85854B282131E200604655 /* Exercises.xcdatamodeld in Sources */,
				4A858541282131E200604655 /* AppDelegate.swift in Sources */,
				4A858543282131E200604655 /* SceneDelegate.swift in Sources */,
				4ADDCC4F284A5CED0018F24D /* Buttons.swift in Sources */,
				4AA2FA292825B9B300E4AF61 /* ButtonsModel.swift in Sources */,
				4AA2FA272825B55900E4AF61 /* CoreData.swift in Sources */,
				4A67D1D528454D630075E47C /* User+CoreDataClass.swift in Sources */,
				4A67D1D828454E910075E47C /* First Launch sec screen.swift in Sources */,
			);
			runOnlyForDeploymentPostprocessing = 0;
		};
/* End PBXSourcesBuildPhase section */

/* Begin PBXVariantGroup section */
		4A858546282131E200604655 /* Main.storyboard */ = {
			isa = PBXVariantGroup;
			children = (
				4A858547282131E200604655 /* Base */,
				4AE08BD12846874400259617 /* ru */,
				4AE08BD42846882200259617 /* en */,
			);
			name = Main.storyboard;
			sourceTree = "<group>";
		};
		4A85854E282131E300604655 /* LaunchScreen.storyboard */ = {
			isa = PBXVariantGroup;
			children = (
				4A85854F282131E300604655 /* Base */,
				4AE08BD22846874400259617 /* ru */,
			);
			name = LaunchScreen.storyboard;
			sourceTree = "<group>";
		};
		4AE08BDB2846897300259617 /* Localizable.strings */ = {
			isa = PBXVariantGroup;
			children = (
				4AE08BDA2846897300259617 /* en */,
				4AE08BDC2846897500259617 /* ru */,
			);
			name = Localizable.strings;
			sourceTree = "<group>";
		};
/* End PBXVariantGroup section */

/* Begin XCBuildConfiguration section */
		4A858552282131E300604655 /* Debug */ = {
			isa = XCBuildConfiguration;
			buildSettings = {
				ALWAYS_SEARCH_USER_PATHS = NO;
				CLANG_ANALYZER_LOCALIZABILITY_NONLOCALIZED = YES;
				CLANG_ANALYZER_NONNULL = YES;
				CLANG_ANALYZER_NUMBER_OBJECT_CONVERSION = YES_AGGRESSIVE;
				CLANG_CXX_LANGUAGE_STANDARD = "gnu++17";
				CLANG_ENABLE_MODULES = YES;
				CLANG_ENABLE_OBJC_ARC = YES;
				CLANG_ENABLE_OBJC_WEAK = YES;
				CLANG_WARN_BLOCK_CAPTURE_AUTORELEASING = YES;
				CLANG_WARN_BOOL_CONVERSION = YES;
				CLANG_WARN_COMMA = YES;
				CLANG_WARN_CONSTANT_CONVERSION = YES;
				CLANG_WARN_DEPRECATED_OBJC_IMPLEMENTATIONS = YES;
				CLANG_WARN_DIRECT_OBJC_ISA_USAGE = YES_ERROR;
				CLANG_WARN_DOCUMENTATION_COMMENTS = YES;
				CLANG_WARN_EMPTY_BODY = YES;
				CLANG_WARN_ENUM_CONVERSION = YES;
				CLANG_WARN_INFINITE_RECURSION = YES;
				CLANG_WARN_INT_CONVERSION = YES;
				CLANG_WARN_NON_LITERAL_NULL_CONVERSION = YES;
				CLANG_WARN_OBJC_IMPLICIT_RETAIN_SELF = YES;
				CLANG_WARN_OBJC_LITERAL_CONVERSION = YES;
				CLANG_WARN_OBJC_ROOT_CLASS = YES_ERROR;
				CLANG_WARN_QUOTED_INCLUDE_IN_FRAMEWORK_HEADER = YES;
				CLANG_WARN_RANGE_LOOP_ANALYSIS = YES;
				CLANG_WARN_STRICT_PROTOTYPES = YES;
				CLANG_WARN_SUSPICIOUS_MOVE = YES;
				CLANG_WARN_UNGUARDED_AVAILABILITY = YES_AGGRESSIVE;
				CLANG_WARN_UNREACHABLE_CODE = YES;
				CLANG_WARN__DUPLICATE_METHOD_MATCH = YES;
				COPY_PHASE_STRIP = NO;
				DEBUG_INFORMATION_FORMAT = dwarf;
				ENABLE_STRICT_OBJC_MSGSEND = YES;
				ENABLE_TESTABILITY = YES;
				GCC_C_LANGUAGE_STANDARD = gnu11;
				GCC_DYNAMIC_NO_PIC = NO;
				GCC_NO_COMMON_BLOCKS = YES;
				GCC_OPTIMIZATION_LEVEL = 0;
				GCC_PREPROCESSOR_DEFINITIONS = (
					"DEBUG=1",
					"$(inherited)",
				);
				GCC_WARN_64_TO_32_BIT_CONVERSION = YES;
				GCC_WARN_ABOUT_RETURN_TYPE = YES_ERROR;
				GCC_WARN_UNDECLARED_SELECTOR = YES;
				GCC_WARN_UNINITIALIZED_AUTOS = YES_AGGRESSIVE;
				GCC_WARN_UNUSED_FUNCTION = YES;
				GCC_WARN_UNUSED_VARIABLE = YES;
				IPHONEOS_DEPLOYMENT_TARGET = 15.4;
				MTL_ENABLE_DEBUG_INFO = INCLUDE_SOURCE;
				MTL_FAST_MATH = YES;
				ONLY_ACTIVE_ARCH = YES;
				SDKROOT = iphoneos;
				SWIFT_ACTIVE_COMPILATION_CONDITIONS = DEBUG;
				SWIFT_OPTIMIZATION_LEVEL = "-Onone";
			};
			name = Debug;
		};
		4A858553282131E300604655 /* Release */ = {
			isa = XCBuildConfiguration;
			buildSettings = {
				ALWAYS_SEARCH_USER_PATHS = NO;
				CLANG_ANALYZER_LOCALIZABILITY_NONLOCALIZED = YES;
				CLANG_ANALYZER_NONNULL = YES;
				CLANG_ANALYZER_NUMBER_OBJECT_CONVERSION = YES_AGGRESSIVE;
				CLANG_CXX_LANGUAGE_STANDARD = "gnu++17";
				CLANG_ENABLE_MODULES = YES;
				CLANG_ENABLE_OBJC_ARC = YES;
				CLANG_ENABLE_OBJC_WEAK = YES;
				CLANG_WARN_BLOCK_CAPTURE_AUTORELEASING = YES;
				CLANG_WARN_BOOL_CONVERSION = YES;
				CLANG_WARN_COMMA = YES;
				CLANG_WARN_CONSTANT_CONVERSION = YES;
				CLANG_WARN_DEPRECATED_OBJC_IMPLEMENTATIONS = YES;
				CLANG_WARN_DIRECT_OBJC_ISA_USAGE = YES_ERROR;
				CLANG_WARN_DOCUMENTATION_COMMENTS = YES;
				CLANG_WARN_EMPTY_BODY = YES;
				CLANG_WARN_ENUM_CONVERSION = YES;
				CLANG_WARN_INFINITE_RECURSION = YES;
				CLANG_WARN_INT_CONVERSION = YES;
				CLANG_WARN_NON_LITERAL_NULL_CONVERSION = YES;
				CLANG_WARN_OBJC_IMPLICIT_RETAIN_SELF = YES;
				CLANG_WARN_OBJC_LITERAL_CONVERSION = YES;
				CLANG_WARN_OBJC_ROOT_CLASS = YES_ERROR;
				CLANG_WARN_QUOTED_INCLUDE_IN_FRAMEWORK_HEADER = YES;
				CLANG_WARN_RANGE_LOOP_ANALYSIS = YES;
				CLANG_WARN_STRICT_PROTOTYPES = YES;
				CLANG_WARN_SUSPICIOUS_MOVE = YES;
				CLANG_WARN_UNGUARDED_AVAILABILITY = YES_AGGRESSIVE;
				CLANG_WARN_UNREACHABLE_CODE = YES;
				CLANG_WARN__DUPLICATE_METHOD_MATCH = YES;
				COPY_PHASE_STRIP = NO;
				DEBUG_INFORMATION_FORMAT = "dwarf-with-dsym";
				ENABLE_NS_ASSERTIONS = NO;
				ENABLE_STRICT_OBJC_MSGSEND = YES;
				GCC_C_LANGUAGE_STANDARD = gnu11;
				GCC_NO_COMMON_BLOCKS = YES;
				GCC_WARN_64_TO_32_BIT_CONVERSION = YES;
				GCC_WARN_ABOUT_RETURN_TYPE = YES_ERROR;
				GCC_WARN_UNDECLARED_SELECTOR = YES;
				GCC_WARN_UNINITIALIZED_AUTOS = YES_AGGRESSIVE;
				GCC_WARN_UNUSED_FUNCTION = YES;
				GCC_WARN_UNUSED_VARIABLE = YES;
				IPHONEOS_DEPLOYMENT_TARGET = 15.4;
				MTL_ENABLE_DEBUG_INFO = NO;
				MTL_FAST_MATH = YES;
				SDKROOT = iphoneos;
				SWIFT_COMPILATION_MODE = wholemodule;
				SWIFT_OPTIMIZATION_LEVEL = "-O";
				VALIDATE_PRODUCT = YES;
			};
			name = Release;
		};
		4A858555282131E300604655 /* Debug */ = {
			isa = XCBuildConfiguration;
			buildSettings = {
				ASSETCATALOG_COMPILER_APPICON_NAME = AppIcon;
				ASSETCATALOG_COMPILER_GLOBAL_ACCENT_COLOR_NAME = AccentColor;
				CODE_SIGN_STYLE = Automatic;
				CURRENT_PROJECT_VERSION = 9;
				DEVELOPMENT_TEAM = 28P4VGRC5F;
				GENERATE_INFOPLIST_FILE = YES;
				INFOPLIST_FILE = Exercises/Info.plist;
				INFOPLIST_KEY_UIApplicationSupportsIndirectInputEvents = YES;
				INFOPLIST_KEY_UILaunchStoryboardName = LaunchScreen;
				INFOPLIST_KEY_UISupportedInterfaceOrientations = UIInterfaceOrientationPortrait;
				INFOPLIST_KEY_UISupportedInterfaceOrientations_iPad = "UIInterfaceOrientationPortrait UIInterfaceOrientationPortraitUpsideDown UIInterfaceOrientationLandscapeLeft UIInterfaceOrientationLandscapeRight";
				INFOPLIST_KEY_UISupportedInterfaceOrientations_iPhone = "UIInterfaceOrientationPortrait UIInterfaceOrientationLandscapeLeft UIInterfaceOrientationLandscapeRight";
				INFOPLIST_KEY_UIUserInterfaceStyle = Light;
				IPHONEOS_DEPLOYMENT_TARGET = 13.0;
				LD_RUNPATH_SEARCH_PATHS = (
					"$(inherited)",
					"@executable_path/Frameworks",
				);
				MARKETING_VERSION = 1.0;
				PRODUCT_BUNDLE_IDENTIFIER = A.Exercises;
				PRODUCT_NAME = "$(TARGET_NAME)";
				SWIFT_EMIT_LOC_STRINGS = YES;
				SWIFT_VERSION = 5.0;
				TARGETED_DEVICE_FAMILY = "1,2";
			};
			name = Debug;
		};
		4A858556282131E300604655 /* Release */ = {
			isa = XCBuildConfiguration;
			buildSettings = {
				ASSETCATALOG_COMPILER_APPICON_NAME = AppIcon;
				ASSETCATALOG_COMPILER_GLOBAL_ACCENT_COLOR_NAME = AccentColor;
				CODE_SIGN_STYLE = Automatic;
				CURRENT_PROJECT_VERSION = 9;
				DEVELOPMENT_TEAM = 28P4VGRC5F;
				GENERATE_INFOPLIST_FILE = YES;
				INFOPLIST_FILE = Exercises/Info.plist;
				INFOPLIST_KEY_UIApplicationSupportsIndirectInputEvents = YES;
				INFOPLIST_KEY_UILaunchStoryboardName = LaunchScreen;
				INFOPLIST_KEY_UISupportedInterfaceOrientations = UIInterfaceOrientationPortrait;
				INFOPLIST_KEY_UISupportedInterfaceOrientations_iPad = "UIInterfaceOrientationPortrait UIInterfaceOrientationPortraitUpsideDown UIInterfaceOrientationLandscapeLeft UIInterfaceOrientationLandscapeRight";
				INFOPLIST_KEY_UISupportedInterfaceOrientations_iPhone = "UIInterfaceOrientationPortrait UIInterfaceOrientationLandscapeLeft UIInterfaceOrientationLandscapeRight";
				INFOPLIST_KEY_UIUserInterfaceStyle = Light;
				IPHONEOS_DEPLOYMENT_TARGET = 13.0;
				LD_RUNPATH_SEARCH_PATHS = (
					"$(inherited)",
					"@executable_path/Frameworks",
				);
				MARKETING_VERSION = 1.0;
				PRODUCT_BUNDLE_IDENTIFIER = A.Exercises;
				PRODUCT_NAME = "$(TARGET_NAME)";
				SWIFT_EMIT_LOC_STRINGS = YES;
				SWIFT_VERSION = 5.0;
				TARGETED_DEVICE_FAMILY = "1,2";
			};
			name = Release;
		};
/* End XCBuildConfiguration section */

/* Begin XCConfigurationList section */
		4A858538282131E200604655 /* Build configuration list for PBXProject "Exercises" */ = {
			isa = XCConfigurationList;
			buildConfigurations = (
				4A858552282131E300604655 /* Debug */,
				4A858553282131E300604655 /* Release */,
			);
			defaultConfigurationIsVisible = 0;
			defaultConfigurationName = Release;
		};
		4A858554282131E300604655 /* Build configuration list for PBXNativeTarget "Exercises" */ = {
			isa = XCConfigurationList;
			buildConfigurations = (
				4A858555282131E300604655 /* Debug */,
				4A858556282131E300604655 /* Release */,
			);
			defaultConfigurationIsVisible = 0;
			defaultConfigurationName = Release;
		};
/* End XCConfigurationList section */

/* Begin XCVersionGroup section */
		4A858549282131E200604655 /* Exercises.xcdatamodeld */ = {
			isa = XCVersionGroup;
			children = (
				4A85854A282131E200604655 /* Exercises.xcdatamodel */,
			);
			currentVersion = 4A85854A282131E200604655 /* Exercises.xcdatamodel */;
			path = Exercises.xcdatamodeld;
			sourceTree = "<group>";
			versionGroupType = wrapper.xcdatamodel;
		};
/* End XCVersionGroup section */
	};
	rootObject = 4A858535282131E200604655 /* Project object */;
}
